
Microsoft Visual Studio Solution File, Format Version 11.00
# Visual Studio 2010
Project("{FAE04EC0-301F-11D3-BF4B-00C04F79EFBC}") = "SolrAdminWebRole", "ReplSolr\SolrAdminWebRole\SolrAdminWebRole.csproj", "{9581F5EB-35DC-4D8C-94CF-1ABE2A659F6E}"
EndProject
Project("{FAE04EC0-301F-11D3-BF4B-00C04F79EFBC}") = "SolrMasterHostWorkerRole", "ReplSolr\SolrMasterHostWorkerRole\SolrMasterHostWorkerRole.csproj", "{60FE49E0-A43B-42A2-B26D-2609C3E4BEB7}"
EndProject
Project("{FAE04EC0-301F-11D3-BF4B-00C04F79EFBC}") = "SolrSlaveHostWorkerRole", "ReplSolr\SolrSlaveHostWorkerRole\SolrSlaveHostWorkerRole.csproj", "{4B8270A5-0E34-4CEA-A285-281403F7BE7A}"
EndProject
Project("{FAE04EC0-301F-11D3-BF4B-00C04F79EFBC}") = "HelperLib", "ReplSolr\HelperLib\HelperLib.csproj", "{36A4A901-CDF0-4D0E-B493-97649F1F9D45}"
EndProject
Project("{FAE04EC0-301F-11D3-BF4B-00C04F79EFBC}") = "SolrDeployCmdlets", "SolrDeployCmdlets\SolrDeployCmdlets.csproj", "{C7428F59-FE8E-4B36-A047-F6302428D95F}"
	ProjectSection(ProjectDependencies) = postProject
		{36A4A901-CDF0-4D0E-B493-97649F1F9D45} = {36A4A901-CDF0-4D0E-B493-97649F1F9D45}
		{4B8270A5-0E34-4CEA-A285-281403F7BE7A} = {4B8270A5-0E34-4CEA-A285-281403F7BE7A}
		{60FE49E0-A43B-42A2-B26D-2609C3E4BEB7} = {60FE49E0-A43B-42A2-B26D-2609C3E4BEB7}
		{9581F5EB-35DC-4D8C-94CF-1ABE2A659F6E} = {9581F5EB-35DC-4D8C-94CF-1ABE2A659F6E}
	EndProjectSection
EndProject
Project("{930C7802-8A8C-48F9-8165-68863BCCD9DD}") = "SolrDeployCmdletsSetup", "SolrDeployCmdletsSetup\SolrDeployCmdletsSetup.wixproj", "{7AF0C2A8-5F96-4329-97B7-B7B890970626}"
	ProjectSection(ProjectDependencies) = postProject
		{36A4A901-CDF0-4D0E-B493-97649F1F9D45} = {36A4A901-CDF0-4D0E-B493-97649F1F9D45}
		{C7428F59-FE8E-4B36-A047-F6302428D95F} = {C7428F59-FE8E-4B36-A047-F6302428D95F}
		{4B8270A5-0E34-4CEA-A285-281403F7BE7A} = {4B8270A5-0E34-4CEA-A285-281403F7BE7A}
		{60FE49E0-A43B-42A2-B26D-2609C3E4BEB7} = {60FE49E0-A43B-42A2-B26D-2609C3E4BEB7}
		{9581F5EB-35DC-4D8C-94CF-1ABE2A659F6E} = {9581F5EB-35DC-4D8C-94CF-1ABE2A659F6E}
	EndProjectSection
EndProject
Global
	GlobalSection(SolutionConfigurationPlatforms) = preSolution
		Debug|Any CPU = Debug|Any CPU
		Debug|Mixed Platforms = Debug|Mixed Platforms
		Debug|x86 = Debug|x86
		Release|Any CPU = Release|Any CPU
		Release|Mixed Platforms = Release|Mixed Platforms
		Release|x86 = Release|x86
	EndGlobalSection
	GlobalSection(ProjectConfigurationPlatforms) = postSolution
		{9581F5EB-35DC-4D8C-94CF-1ABE2A659F6E}.Debug|Any CPU.ActiveCfg = Debug|Any CPU
		{9581F5EB-35DC-4D8C-94CF-1ABE2A659F6E}.Debug|Any CPU.Build.0 = Debug|Any CPU
		{9581F5EB-35DC-4D8C-94CF-1ABE2A659F6E}.Debug|Mixed Platforms.ActiveCfg = Debug|Any CPU
		{9581F5EB-35DC-4D8C-94CF-1ABE2A659F6E}.Debug|Mixed Platforms.Build.0 = Debug|Any CPU
		{9581F5EB-35DC-4D8C-94CF-1ABE2A659F6E}.Debug|x86.ActiveCfg = Debug|Any CPU
		{9581F5EB-35DC-4D8C-94CF-1ABE2A659F6E}.Release|Any CPU.ActiveCfg = Release|Any CPU
		{9581F5EB-35DC-4D8C-94CF-1ABE2A659F6E}.Release|Any CPU.Build.0 = Release|Any CPU
		{9581F5EB-35DC-4D8C-94CF-1ABE2A659F6E}.Release|Mixed Platforms.ActiveCfg = Release|Any CPU
		{9581F5EB-35DC-4D8C-94CF-1ABE2A659F6E}.Release|Mixed Platforms.Build.0 = Release|Any CPU
		{9581F5EB-35DC-4D8C-94CF-1ABE2A659F6E}.Release|x86.ActiveCfg = Release|Any CPU
		{60FE49E0-A43B-42A2-B26D-2609C3E4BEB7}.Debug|Any CPU.ActiveCfg = Debug|Any CPU
		{60FE49E0-A43B-42A2-B26D-2609C3E4BEB7}.Debug|Any CPU.Build.0 = Debug|Any CPU
		{60FE49E0-A43B-42A2-B26D-2609C3E4BEB7}.Debug|Mixed Platforms.ActiveCfg = Debug|Any CPU
		{60FE49E0-A43B-42A2-B26D-2609C3E4BEB7}.Debug|Mixed Platforms.Build.0 = Debug|Any CPU
		{60FE49E0-A43B-42A2-B26D-2609C3E4BEB7}.Debug|x86.ActiveCfg = Debug|Any CPU
		{60FE49E0-A43B-42A2-B26D-2609C3E4BEB7}.Release|Any CPU.ActiveCfg = Release|Any CPU
		{60FE49E0-A43B-42A2-B26D-2609C3E4BEB7}.Release|Any CPU.Build.0 = Release|Any CPU
		{60FE49E0-A43B-42A2-B26D-2609C3E4BEB7}.Release|Mixed Platforms.ActiveCfg = Release|Any CPU
		{60FE49E0-A43B-42A2-B26D-2609C3E4BEB7}.Release|Mixed Platforms.Build.0 = Release|Any CPU
		{60FE49E0-A43B-42A2-B26D-2609C3E4BEB7}.Release|x86.ActiveCfg = Release|Any CPU
		{4B8270A5-0E34-4CEA-A285-281403F7BE7A}.Debug|Any CPU.ActiveCfg = Debug|Any CPU
		{4B8270A5-0E34-4CEA-A285-281403F7BE7A}.Debug|Any CPU.Build.0 = Debug|Any CPU
		{4B8270A5-0E34-4CEA-A285-281403F7BE7A}.Debug|Mixed Platforms.ActiveCfg = Debug|Any CPU
		{4B8270A5-0E34-4CEA-A285-281403F7BE7A}.Debug|Mixed Platforms.Build.0 = Debug|Any CPU
		{4B8270A5-0E34-4CEA-A285-281403F7BE7A}.Debug|x86.ActiveCfg = Debug|Any CPU
		{4B8270A5-0E34-4CEA-A285-281403F7BE7A}.Release|Any CPU.ActiveCfg = Release|Any CPU
		{4B8270A5-0E34-4CEA-A285-281403F7BE7A}.Release|Any CPU.Build.0 = Release|Any CPU
		{4B8270A5-0E34-4CEA-A285-281403F7BE7A}.Release|Mixed Platforms.ActiveCfg = Release|Any CPU
		{4B8270A5-0E34-4CEA-A285-281403F7BE7A}.Release|Mixed Platforms.Build.0 = Release|Any CPU
		{4B8270A5-0E34-4CEA-A285-281403F7BE7A}.Release|x86.ActiveCfg = Release|Any CPU
		{36A4A901-CDF0-4D0E-B493-97649F1F9D45}.Debug|Any CPU.ActiveCfg = Debug|Any CPU
		{36A4A901-CDF0-4D0E-B493-97649F1F9D45}.Debug|Any CPU.Build.0 = Debug|Any CPU
		{36A4A901-CDF0-4D0E-B493-97649F1F9D45}.Debug|Mixed Platforms.ActiveCfg = Debug|Any CPU
		{36A4A901-CDF0-4D0E-B493-97649F1F9D45}.Debug|Mixed Platforms.Build.0 = Debug|Any CPU
		{36A4A901-CDF0-4D0E-B493-97649F1F9D45}.Debug|x86.ActiveCfg = Debug|Any CPU
		{36A4A901-CDF0-4D0E-B493-97649F1F9D45}.Release|Any CPU.ActiveCfg = Release|Any CPU
		{36A4A901-CDF0-4D0E-B493-97649F1F9D45}.Release|Any CPU.Build.0 = Release|Any CPU
		{36A4A901-CDF0-4D0E-B493-97649F1F9D45}.Release|Mixed Platforms.ActiveCfg = Release|Any CPU
		{36A4A901-CDF0-4D0E-B493-97649F1F9D45}.Release|Mixed Platforms.Build.0 = Release|Any CPU
		{36A4A901-CDF0-4D0E-B493-97649F1F9D45}.Release|x86.ActiveCfg = Release|Any CPU
		{C7428F59-FE8E-4B36-A047-F6302428D95F}.Debug|Any CPU.ActiveCfg = Debug|Any CPU
		{C7428F59-FE8E-4B36-A047-F6302428D95F}.Debug|Any CPU.Build.0 = Debug|Any CPU
		{C7428F59-FE8E-4B36-A047-F6302428D95F}.Debug|Mixed Platforms.ActiveCfg = Debug|Any CPU
		{C7428F59-FE8E-4B36-A047-F6302428D95F}.Debug|Mixed Platforms.Build.0 = Debug|Any CPU
		{C7428F59-FE8E-4B36-A047-F6302428D95F}.Debug|x86.ActiveCfg = Debug|Any CPU
		{C7428F59-FE8E-4B36-A047-F6302428D95F}.Release|Any CPU.ActiveCfg = Release|Any CPU
		{C7428F59-FE8E-4B36-A047-F6302428D95F}.Release|Any CPU.Build.0 = Release|Any CPU
		{C7428F59-FE8E-4B36-A047-F6302428D95F}.Release|Mixed Platforms.ActiveCfg = Release|Any CPU
		{C7428F59-FE8E-4B36-A047-F6302428D95F}.Release|Mixed Platforms.Build.0 = Release|Any CPU
		{C7428F59-FE8E-4B36-A047-F6302428D95F}.Release|x86.ActiveCfg = Release|Any CPU
		{7AF0C2A8-5F96-4329-97B7-B7B890970626}.Debug|Any CPU.ActiveCfg = Debug|x86
		{7AF0C2A8-5F96-4329-97B7-B7B890970626}.Debug|Mixed Platforms.ActiveCfg = Debug|x86
		{7AF0C2A8-5F96-4329-97B7-B7B890970626}.Debug|Mixed Platforms.Build.0 = Debug|x86
		{7AF0C2A8-5F96-4329-97B7-B7B890970626}.Debug|x86.ActiveCfg = Debug|x86
		{7AF0C2A8-5F96-4329-97B7-B7B890970626}.Debug|x86.Build.0 = Debug|x86
		{7AF0C2A8-5F96-4329-97B7-B7B890970626}.Release|Any CPU.ActiveCfg = Release|x86
		{7AF0C2A8-5F96-4329-97B7-B7B890970626}.Release|Mixed Platforms.ActiveCfg = Release|x86
		{7AF0C2A8-5F96-4329-97B7-B7B890970626}.Release|Mixed Platforms.Build.0 = Release|x86
		{7AF0C2A8-5F96-4329-97B7-B7B890970626}.Release|x86.ActiveCfg = Release|x86
		{7AF0C2A8-5F96-4329-97B7-B7B890970626}.Release|x86.Build.0 = Release|x86
	EndGlobalSection
	GlobalSection(SolutionProperties) = preSolution
		HideSolutionNode = FALSE
	EndGlobalSection
EndGlobal
