
Microsoft Visual Studio Solution File, Format Version 12.00
# Visual Studio 2012
Project("{FAE04EC0-301F-11D3-BF4B-00C04F79EFBC}") = "SolrAdminWebRole", "SolrAdminWebRole\SolrAdminWebRole.csproj", "{EF6E52A1-0A29-4F74-BF6B-DBFE090490CE}"
EndProject
Project("{FAE04EC0-301F-11D3-BF4B-00C04F79EFBC}") = "SolrMasterHostWorkerRole", "SolrMasterHostWorkerRole\SolrMasterHostWorkerRole.csproj", "{D76D503E-5D60-4E10-AECB-C8F93EF3301B}"
EndProject
Project("{FAE04EC0-301F-11D3-BF4B-00C04F79EFBC}") = "SolrSlaveHostWorkerRole", "SolrSlaveHostWorkerRole\SolrSlaveHostWorkerRole.csproj", "{B9E6E3FD-C70F-4AA1-B91B-E51918FDC5DD}"
EndProject
Project("{CC5FD16D-436D-48AD-A40C-5A424C6E3E79}") = "ReplSolr", "ReplSolr\ReplSolr.ccproj", "{A872C2FB-FD14-426E-939C-BDC8B2887EAC}"
EndProject
Project("{FAE04EC0-301F-11D3-BF4B-00C04F79EFBC}") = "HelperLib", "HelperLib\HelperLib.csproj", "{7584FF36-EA7A-4BA2-AB19-E6A153CFA746}"
EndProject
Project("{2150E333-8FDC-42A3-9474-1A3956D46DE8}") = "Solution Items", "Solution Items", "{BAB00FB2-8AA2-48FE-AC0E-B5D949AE27DB}"
	ProjectSection(SolutionItems) = preProject
		README.txt = README.txt
		..\ConfigFiles\SolrInstEmul.xml = ..\ConfigFiles\SolrInstEmul.xml
		..\ConfigFiles\SolrInstEmulWithSolr.xml = ..\ConfigFiles\SolrInstEmulWithSolr.xml
		..\ConfigFiles\SolrInstWR.xml = ..\ConfigFiles\SolrInstWR.xml
		..\ConfigFiles\SolrInstWRWithSolr.xml = ..\ConfigFiles\SolrInstWRWithSolr.xml
	EndProjectSection
EndProject
Project("{2150E333-8FDC-42A3-9474-1A3956D46DE8}") = "Deploy", "Deploy", "{B46F3ED8-431B-41DD-839B-6FACB3004F04}"
	ProjectSection(SolutionItems) = preProject
		Deploy_README.txt = Deploy_README.txt
		..\..\deploy\DeployCmdlets4WA.dll = ..\..\deploy\DeployCmdlets4WA.dll
		..\..\deploy\Inst4WA.exe = ..\..\deploy\Inst4WA.exe
	EndProjectSection
EndProject
Project("{FAE04EC0-301F-11D3-BF4B-00C04F79EFBC}") = "SolrImporter", "SolrImporter\SolrImporter.csproj", "{7BFC5171-CBE3-46F4-9547-EAEB80BE4F14}"
EndProject
Global
	GlobalSection(SolutionConfigurationPlatforms) = preSolution
		Debug|Any CPU = Debug|Any CPU
		Release|Any CPU = Release|Any CPU
	EndGlobalSection
	GlobalSection(ProjectConfigurationPlatforms) = postSolution
		{EF6E52A1-0A29-4F74-BF6B-DBFE090490CE}.Debug|Any CPU.ActiveCfg = Debug|Any CPU
		{EF6E52A1-0A29-4F74-BF6B-DBFE090490CE}.Debug|Any CPU.Build.0 = Debug|Any CPU
		{EF6E52A1-0A29-4F74-BF6B-DBFE090490CE}.Release|Any CPU.ActiveCfg = Release|Any CPU
		{EF6E52A1-0A29-4F74-BF6B-DBFE090490CE}.Release|Any CPU.Build.0 = Release|Any CPU
		{D76D503E-5D60-4E10-AECB-C8F93EF3301B}.Debug|Any CPU.ActiveCfg = Debug|Any CPU
		{D76D503E-5D60-4E10-AECB-C8F93EF3301B}.Debug|Any CPU.Build.0 = Debug|Any CPU
		{D76D503E-5D60-4E10-AECB-C8F93EF3301B}.Release|Any CPU.ActiveCfg = Release|Any CPU
		{D76D503E-5D60-4E10-AECB-C8F93EF3301B}.Release|Any CPU.Build.0 = Release|Any CPU
		{B9E6E3FD-C70F-4AA1-B91B-E51918FDC5DD}.Debug|Any CPU.ActiveCfg = Debug|Any CPU
		{B9E6E3FD-C70F-4AA1-B91B-E51918FDC5DD}.Debug|Any CPU.Build.0 = Debug|Any CPU
		{B9E6E3FD-C70F-4AA1-B91B-E51918FDC5DD}.Release|Any CPU.ActiveCfg = Release|Any CPU
		{B9E6E3FD-C70F-4AA1-B91B-E51918FDC5DD}.Release|Any CPU.Build.0 = Release|Any CPU
		{A872C2FB-FD14-426E-939C-BDC8B2887EAC}.Debug|Any CPU.ActiveCfg = Debug|Any CPU
		{A872C2FB-FD14-426E-939C-BDC8B2887EAC}.Debug|Any CPU.Build.0 = Debug|Any CPU
		{A872C2FB-FD14-426E-939C-BDC8B2887EAC}.Release|Any CPU.ActiveCfg = Release|Any CPU
		{A872C2FB-FD14-426E-939C-BDC8B2887EAC}.Release|Any CPU.Build.0 = Release|Any CPU
		{7584FF36-EA7A-4BA2-AB19-E6A153CFA746}.Debug|Any CPU.ActiveCfg = Debug|Any CPU
		{7584FF36-EA7A-4BA2-AB19-E6A153CFA746}.Debug|Any CPU.Build.0 = Debug|Any CPU
		{7584FF36-EA7A-4BA2-AB19-E6A153CFA746}.Release|Any CPU.ActiveCfg = Release|Any CPU
		{7584FF36-EA7A-4BA2-AB19-E6A153CFA746}.Release|Any CPU.Build.0 = Release|Any CPU
		{7BFC5171-CBE3-46F4-9547-EAEB80BE4F14}.Debug|Any CPU.ActiveCfg = Debug|Any CPU
		{7BFC5171-CBE3-46F4-9547-EAEB80BE4F14}.Debug|Any CPU.Build.0 = Debug|Any CPU
		{7BFC5171-CBE3-46F4-9547-EAEB80BE4F14}.Release|Any CPU.ActiveCfg = Release|Any CPU
		{7BFC5171-CBE3-46F4-9547-EAEB80BE4F14}.Release|Any CPU.Build.0 = Release|Any CPU
	EndGlobalSection
	GlobalSection(SolutionProperties) = preSolution
		HideSolutionNode = FALSE
	EndGlobalSection
	GlobalSection(NestedProjects) = preSolution
		{B46F3ED8-431B-41DD-839B-6FACB3004F04} = {BAB00FB2-8AA2-48FE-AC0E-B5D949AE27DB}
	EndGlobalSection
EndGlobal
